
Microsoft Visual Studio Solution File, Format Version 12.00
# Visual Studio Version 16
VisualStudioVersion = 16.0.31321.278
MinimumVisualStudioVersion = 10.0.40219.1
Project("{FAE04EC0-301F-11D3-BF4B-00C04F79EFBC}") = "GrocerioApi", "GrocerioApi\GrocerioApi.csproj", "{E425C852-B4E6-4F27-9E79-14E70CF6078E}"
EndProject
Global
	GlobalSection(SolutionConfigurationPlatforms) = preSolution
		Debug|Any CPU = Debug|Any CPU
		Release|Any CPU = Release|Any CPU
	EndGlobalSection
	GlobalSection(ProjectConfigurationPlatforms) = postSolution
		{E425C852-B4E6-4F27-9E79-14E70CF6078E}.Debug|Any CPU.ActiveCfg = Debug|Any CPU
		{E425C852-B4E6-4F27-9E79-14E70CF6078E}.Debug|Any CPU.Build.0 = Debug|Any CPU
		{E425C852-B4E6-4F27-9E79-14E70CF6078E}.Release|Any CPU.ActiveCfg = Release|Any CPU
		{E425C852-B4E6-4F27-9E79-14E70CF6078E}.Release|Any CPU.Build.0 = Release|Any CPU
	EndGlobalSection
	GlobalSection(SolutionProperties) = preSolution
		HideSolutionNode = FALSE
	EndGlobalSection
	GlobalSection(ExtensibilityGlobals) = postSolution
		SolutionGuid = {F60A7130-890F-4BB6-98C7-5ECE3290D8AC}
	EndGlobalSection
EndGlobal
